
Microsoft Visual Studio Solution File, Format Version 12.00
# Visual Studio 15
VisualStudioVersion = 15.0.27130.2003
MinimumVisualStudioVersion = 10.0.40219.1
Project("{FAE04EC0-301F-11D3-BF4B-00C04F79EFBC}") = "Web", "src\Web\Web.csproj", "{9C4A45B0-699C-42DF-BB9A-AE761986D205}"
EndProject
Project("{FAE04EC0-301F-11D3-BF4B-00C04F79EFBC}") = "CMS", "src\CMS\CMS.csproj", "{D79CA42F-89A9-4A68-9253-686B514F7A54}"
EndProject
Global
	GlobalSection(SolutionConfigurationPlatforms) = preSolution
		Debug|Any CPU = Debug|Any CPU
		Release|Any CPU = Release|Any CPU
	EndGlobalSection
	GlobalSection(ProjectConfigurationPlatforms) = postSolution
		{9C4A45B0-699C-42DF-BB9A-AE761986D205}.Debug|Any CPU.ActiveCfg = Debug|Any CPU
		{9C4A45B0-699C-42DF-BB9A-AE761986D205}.Debug|Any CPU.Build.0 = Debug|Any CPU
		{9C4A45B0-699C-42DF-BB9A-AE761986D205}.Release|Any CPU.ActiveCfg = Release|Any CPU
		{9C4A45B0-699C-42DF-BB9A-AE761986D205}.Release|Any CPU.Build.0 = Release|Any CPU
		{D79CA42F-89A9-4A68-9253-686B514F7A54}.Debug|Any CPU.ActiveCfg = Debug|Any CPU
		{D79CA42F-89A9-4A68-9253-686B514F7A54}.Debug|Any CPU.Build.0 = Debug|Any CPU
		{D79CA42F-89A9-4A68-9253-686B514F7A54}.Release|Any CPU.ActiveCfg = Release|Any CPU
		{D79CA42F-89A9-4A68-9253-686B514F7A54}.Release|Any CPU.Build.0 = Release|Any CPU
	EndGlobalSection
	GlobalSection(SolutionProperties) = preSolution
		HideSolutionNode = FALSE
	EndGlobalSection
	GlobalSection(ExtensibilityGlobals) = postSolution
		SolutionGuid = {439E07F5-3785-41B2-BD1D-3503EE648E7B}
	EndGlobalSection
EndGlobal
